
Microsoft Visual Studio Solution File, Format Version 12.00
# Visual Studio 15
VisualStudioVersion = 15.0.28307.421
MinimumVisualStudioVersion = 10.0.40219.1
Project("{8BC9CEB8-8B4A-11D0-8D11-00A0C91BC942}") = "4900group43", "4900group43.vcxproj", "{E37F3B0C-FFFC-423A-9497-95DF0ACEB882}"
EndProject
Project("{8BC9CEB8-8B4A-11D0-8D11-00A0C91BC942}") = "UnitTests", "..\UnitTests\UnitTests.vcxproj", "{1EC81ACB-845A-480B-84C7-4267F6E893A2}"
EndProject
Global
	GlobalSection(SolutionConfigurationPlatforms) = preSolution
		Debug|x64 = Debug|x64
		Debug|x86 = Debug|x86
		Release|x64 = Release|x64
		Release|x86 = Release|x86
	EndGlobalSection
	GlobalSection(ProjectConfigurationPlatforms) = postSolution
		{E37F3B0C-FFFC-423A-9497-95DF0ACEB882}.Debug|x64.ActiveCfg = Debug|x64
		{E37F3B0C-FFFC-423A-9497-95DF0ACEB882}.Debug|x64.Build.0 = Debug|x64
		{E37F3B0C-FFFC-423A-9497-95DF0ACEB882}.Debug|x86.ActiveCfg = Debug|Win32
		{E37F3B0C-FFFC-423A-9497-95DF0ACEB882}.Debug|x86.Build.0 = Debug|Win32
		{E37F3B0C-FFFC-423A-9497-95DF0ACEB882}.Release|x64.ActiveCfg = Release|x64
		{E37F3B0C-FFFC-423A-9497-95DF0ACEB882}.Release|x64.Build.0 = Release|x64
		{E37F3B0C-FFFC-423A-9497-95DF0ACEB882}.Release|x86.ActiveCfg = Release|Win32
		{E37F3B0C-FFFC-423A-9497-95DF0ACEB882}.Release|x86.Build.0 = Release|Win32
		{1EC81ACB-845A-480B-84C7-4267F6E893A2}.Debug|x64.ActiveCfg = Debug|x64
		{1EC81ACB-845A-480B-84C7-4267F6E893A2}.Debug|x64.Build.0 = Debug|x64
		{1EC81ACB-845A-480B-84C7-4267F6E893A2}.Debug|x86.ActiveCfg = Debug|Win32
		{1EC81ACB-845A-480B-84C7-4267F6E893A2}.Debug|x86.Build.0 = Debug|Win32
		{1EC81ACB-845A-480B-84C7-4267F6E893A2}.Release|x64.ActiveCfg = Release|x64
		{1EC81ACB-845A-480B-84C7-4267F6E893A2}.Release|x64.Build.0 = Release|x64
		{1EC81ACB-845A-480B-84C7-4267F6E893A2}.Release|x86.ActiveCfg = Release|Win32
		{1EC81ACB-845A-480B-84C7-4267F6E893A2}.Release|x86.Build.0 = Release|Win32
	EndGlobalSection
	GlobalSection(SolutionProperties) = preSolution
		HideSolutionNode = FALSE
	EndGlobalSection
	GlobalSection(ExtensibilityGlobals) = postSolution
		SolutionGuid = {8C8EBE7F-52D1-4694-94EB-75137C884E66}
	EndGlobalSection
EndGlobal
